
Microsoft Visual Studio Solution File, Format Version 12.00
# Visual Studio Version 16
VisualStudioVersion = 16.0.29009.5
MinimumVisualStudioVersion = 10.0.40219.1
Project("{F184B08F-C81C-45F6-A57F-5ABD9991F28F}") = "Jvedio", "Jvedio\Jvedio.vbproj", "{DC146EC2-8AFA-4557-A33A-024FD8BB920C}"
EndProject
Project("{F184B08F-C81C-45F6-A57F-5ABD9991F28F}") = "ChaoDatabase", "database\ChaoDatabase.vbproj", "{9F848A64-CED2-4B43-802E-0A0D0491DB7F}"
EndProject
Project("{F184B08F-C81C-45F6-A57F-5ABD9991F28F}") = "ChaoImport", "scan and import\ChaoImport.vbproj", "{90EF7325-90A2-42D4-8E02-86EDA4C5E709}"
EndProject
Project("{F184B08F-C81C-45F6-A57F-5ABD9991F28F}") = "ShareClass", "ShareClass\ShareClass.vbproj", "{7FC33D2B-AD8E-40D9-B6D1-F941CF9A1C89}"
EndProject
Project("{F184B08F-C81C-45F6-A57F-5ABD9991F28F}") = "ChaoControls", "ChaoControls\ChaoControls.vbproj", "{00A59B56-4EDB-4061-85F3-C1B91F77BBAE}"
EndProject
Project("{F184B08F-C81C-45F6-A57F-5ABD9991F28F}") = "ChaoForm", "ChaoForm\ChaoForm.vbproj", "{7A8AAFB0-9921-4EFF-B594-6FF298528329}"
EndProject
Project("{F184B08F-C81C-45F6-A57F-5ABD9991F28F}") = "ChaoDownloader", "ChaoDownloader\ChaoDownloader.vbproj", "{200F8967-5A32-4A10-9C75-79F92E718279}"
	ProjectSection(ProjectDependencies) = postProject
		{00A59B56-4EDB-4061-85F3-C1B91F77BBAE} = {00A59B56-4EDB-4061-85F3-C1B91F77BBAE}
		{7A8AAFB0-9921-4EFF-B594-6FF298528329} = {7A8AAFB0-9921-4EFF-B594-6FF298528329}
	EndProjectSection
EndProject
Global
	GlobalSection(SolutionConfigurationPlatforms) = preSolution
		Debug|Any CPU = Debug|Any CPU
		Release|Any CPU = Release|Any CPU
	EndGlobalSection
	GlobalSection(ProjectConfigurationPlatforms) = postSolution
		{DC146EC2-8AFA-4557-A33A-024FD8BB920C}.Debug|Any CPU.ActiveCfg = Debug|Any CPU
		{DC146EC2-8AFA-4557-A33A-024FD8BB920C}.Debug|Any CPU.Build.0 = Debug|Any CPU
		{DC146EC2-8AFA-4557-A33A-024FD8BB920C}.Release|Any CPU.ActiveCfg = Release|Any CPU
		{DC146EC2-8AFA-4557-A33A-024FD8BB920C}.Release|Any CPU.Build.0 = Release|Any CPU
		{9F848A64-CED2-4B43-802E-0A0D0491DB7F}.Debug|Any CPU.ActiveCfg = Debug|Any CPU
		{9F848A64-CED2-4B43-802E-0A0D0491DB7F}.Debug|Any CPU.Build.0 = Debug|Any CPU
		{9F848A64-CED2-4B43-802E-0A0D0491DB7F}.Release|Any CPU.ActiveCfg = Release|Any CPU
		{9F848A64-CED2-4B43-802E-0A0D0491DB7F}.Release|Any CPU.Build.0 = Release|Any CPU
		{90EF7325-90A2-42D4-8E02-86EDA4C5E709}.Debug|Any CPU.ActiveCfg = Debug|Any CPU
		{90EF7325-90A2-42D4-8E02-86EDA4C5E709}.Debug|Any CPU.Build.0 = Debug|Any CPU
		{90EF7325-90A2-42D4-8E02-86EDA4C5E709}.Release|Any CPU.ActiveCfg = Release|Any CPU
		{90EF7325-90A2-42D4-8E02-86EDA4C5E709}.Release|Any CPU.Build.0 = Release|Any CPU
		{7FC33D2B-AD8E-40D9-B6D1-F941CF9A1C89}.Debug|Any CPU.ActiveCfg = Debug|Any CPU
		{7FC33D2B-AD8E-40D9-B6D1-F941CF9A1C89}.Debug|Any CPU.Build.0 = Debug|Any CPU
		{7FC33D2B-AD8E-40D9-B6D1-F941CF9A1C89}.Release|Any CPU.ActiveCfg = Release|Any CPU
		{7FC33D2B-AD8E-40D9-B6D1-F941CF9A1C89}.Release|Any CPU.Build.0 = Release|Any CPU
		{00A59B56-4EDB-4061-85F3-C1B91F77BBAE}.Debug|Any CPU.ActiveCfg = Debug|Any CPU
		{00A59B56-4EDB-4061-85F3-C1B91F77BBAE}.Debug|Any CPU.Build.0 = Debug|Any CPU
		{00A59B56-4EDB-4061-85F3-C1B91F77BBAE}.Release|Any CPU.ActiveCfg = Release|Any CPU
		{00A59B56-4EDB-4061-85F3-C1B91F77BBAE}.Release|Any CPU.Build.0 = Release|Any CPU
		{7A8AAFB0-9921-4EFF-B594-6FF298528329}.Debug|Any CPU.ActiveCfg = Debug|Any CPU
		{7A8AAFB0-9921-4EFF-B594-6FF298528329}.Debug|Any CPU.Build.0 = Debug|Any CPU
		{7A8AAFB0-9921-4EFF-B594-6FF298528329}.Release|Any CPU.ActiveCfg = Release|Any CPU
		{7A8AAFB0-9921-4EFF-B594-6FF298528329}.Release|Any CPU.Build.0 = Release|Any CPU
		{200F8967-5A32-4A10-9C75-79F92E718279}.Debug|Any CPU.ActiveCfg = Debug|Any CPU
		{200F8967-5A32-4A10-9C75-79F92E718279}.Debug|Any CPU.Build.0 = Debug|Any CPU
		{200F8967-5A32-4A10-9C75-79F92E718279}.Release|Any CPU.ActiveCfg = Release|Any CPU
		{200F8967-5A32-4A10-9C75-79F92E718279}.Release|Any CPU.Build.0 = Release|Any CPU
	EndGlobalSection
	GlobalSection(SolutionProperties) = preSolution
		HideSolutionNode = FALSE
	EndGlobalSection
	GlobalSection(ExtensibilityGlobals) = postSolution
		SolutionGuid = {FCEAE606-9643-4ABF-AA90-ECCD2DE3DBE7}
	EndGlobalSection
EndGlobal
